{
  "name": "nodefirst",
  "version": "1.0.0",
  "lockfileVersion": 1,
  "requires": true,
  "dependencies": {
    "budgetlaptops-extension": {
      "version": "1.0.0",
      "resolved": "https://registry.npmjs.org/budgetlaptops-extension/-/budgetlaptops-extension-1.0.0.tgz",
      "integrity": "sha512-9CYG+DWnm9vdxO7Q6H6tN6S3FiZ/LMJcyGvLddUWf6nbNYyAaJgR4qE8dOVhe2uiEAf7tyew2dUfqwa2HvH2pg=="
    }
  }
}
